
Microsoft Visual Studio Solution File, Format Version 12.00
# Visual Studio Version 16
VisualStudioVersion = 16.0.30413.136
MinimumVisualStudioVersion = 10.0.40219.1
Project("{F184B08F-C81C-45F6-A57F-5ABD9991F28F}") = "CreateownDialog", "CreateownDialog\CreateownDialog.vbproj", "{F1431F35-9BA1-41B8-B291-25291D3899BF}"
EndProject
Global
	GlobalSection(SolutionConfigurationPlatforms) = preSolution
		Debug|Any CPU = Debug|Any CPU
		Release|Any CPU = Release|Any CPU
	EndGlobalSection
	GlobalSection(ProjectConfigurationPlatforms) = postSolution
		{F1431F35-9BA1-41B8-B291-25291D3899BF}.Debug|Any CPU.ActiveCfg = Debug|Any CPU
		{F1431F35-9BA1-41B8-B291-25291D3899BF}.Debug|Any CPU.Build.0 = Debug|Any CPU
		{F1431F35-9BA1-41B8-B291-25291D3899BF}.Release|Any CPU.ActiveCfg = Release|Any CPU
		{F1431F35-9BA1-41B8-B291-25291D3899BF}.Release|Any CPU.Build.0 = Release|Any CPU
	EndGlobalSection
	GlobalSection(SolutionProperties) = preSolution
		HideSolutionNode = FALSE
	EndGlobalSection
	GlobalSection(ExtensibilityGlobals) = postSolution
		SolutionGuid = {80DDD77E-BC97-43A5-BBAA-3BC8ABDC1FD0}
	EndGlobalSection
EndGlobal
